{
    "_readme": [
        "This file locks the dependencies of your project to a known state",
        "Read more about it at http://getcomposer.org/doc/01-basic-usage.md#composer-lock-the-lock-file",
        "This file is @generated automatically"
    ],
    "hash": "a3cfc4b5b91109dd0c1050f261eb5509",
    "packages": [
        {
            "name": "aws/aws-sdk-php",
            "version": "2.0.3",
            "source": {
                "type": "git",
                "url": "https://github.com/aws/aws-sdk-php.git",
                "reference": "f8e1d240d6550db528871cf8c92bf9f4a7c2a30f"
            },
            "dist": {
                "type": "zip",
                "url": "https://api.github.com/repos/aws/aws-sdk-php/zipball/f8e1d240d6550db528871cf8c92bf9f4a7c2a30f",
                "reference": "f8e1d240d6550db528871cf8c92bf9f4a7c2a30f",
                "shasum": ""
            },
            "require": {
                "guzzle/guzzle": "3.0.*",
                "php": ">=5.3.2"
            },
            "require-dev": {
                "doctrine/common": "2.3.*",
                "ext-apc": "*",
                "monolog/monolog": "1.2.*",
                "phpunit/phpunit": "3.7.*",
                "symfony/class-loader": "2.*"
            },
            "type": "library",
            "autoload": {
                "psr-0": {
                    "Aws": "src/"
                }
            },
            "notification-url": "https://packagist.org/downloads/",
            "license": [
                "Apache-2.0"
            ],
            "authors": [
                {
                    "name": "Amazon Web Services",
                    "homepage": "http://aws.amazon.com"
                }
            ],
            "description": "AWS SDK for PHP",
            "homepage": "http://aws.amazon.com/sdkforphp2",
            "keywords": [
                "amazon",
                "aws",
                "dynamodb",
                "ec2",
                "s3",
                "sdk"
            ],
            "time": "2012-12-20 22:46:13"
        },
        {
            "name": "composer/installers",
            "version": "v1.0.19",
            "source": {
                "type": "git",
                "url": "https://github.com/composer/installers.git",
                "reference": "89d77bfbee79e16653f7162c86e602cc188471db"
            },
            "dist": {
                "type": "zip",
                "url": "https://api.github.com/repos/composer/installers/zipball/89d77bfbee79e16653f7162c86e602cc188471db",
                "reference": "89d77bfbee79e16653f7162c86e602cc188471db",
                "shasum": ""
            },
            "replace": {
                "roundcube/plugin-installer": "*",
                "shama/baton": "*"
            },
            "require-dev": {
                "composer/composer": "1.0.*@dev",
                "phpunit/phpunit": "4.1.*"
            },
            "type": "composer-installer",
            "extra": {
                "class": "Composer\\Installers\\Installer",
                "branch-alias": {
                    "dev-master": "1.0-dev"
                }
            },
            "autoload": {
                "psr-0": {
                    "Composer\\Installers\\": "src/"
                }
            },
            "notification-url": "https://packagist.org/downloads/",
            "license": [
                "MIT"
            ],
            "authors": [
                {
                    "name": "Kyle Robinson Young",
                    "email": "kyle@dontkry.com",
                    "homepage": "https://github.com/shama"
                }
            ],
            "description": "A multi-framework Composer library installer",
            "homepage": "http://composer.github.com/installers/",
            "keywords": [
                "Craft",
                "Dolibarr",
                "Hurad",
                "MODX Evo",
                "OXID",
                "Thelia",
                "WolfCMS",
                "agl",
                "annotatecms",
                "bitrix",
                "cakephp",
                "chef",
                "codeigniter",
                "concrete5",
                "croogo",
                "dokuwiki",
                "drupal",
                "elgg",
                "fuelphp",
                "grav",
                "installer",
                "joomla",
                "kohana",
                "laravel",
                "lithium",
                "magento",
                "mako",
                "mediawiki",
                "modulework",
                "moodle",
                "phpbb",
                "piwik",
                "ppi",
                "puppet",
                "roundcube",
                "shopware",
                "silverstripe",
                "symfony",
                "typo3",
                "wordpress",
                "zend",
                "zikula"
            ],
            "time": "2014-11-29 01:29:17"
        },
        {
            "name": "guzzle/guzzle",
            "version": "v3.0.7",
            "source": {
                "type": "git",
                "url": "https://github.com/guzzle/guzzle.git",
                "reference": "f31f35d1669382936861533bd0217fcf830dc9a9"
            },
            "dist": {
                "type": "zip",
                "url": "https://api.github.com/repos/guzzle/guzzle/zipball/f31f35d1669382936861533bd0217fcf830dc9a9",
                "reference": "f31f35d1669382936861533bd0217fcf830dc9a9",
                "shasum": ""
            },
            "require": {
                "ext-curl": "*",
                "php": ">=5.3.2",
                "symfony/event-dispatcher": ">=2.1"
            },
            "replace": {
                "guzzle/batch": "self.version",
                "guzzle/cache": "self.version",
                "guzzle/common": "self.version",
                "guzzle/http": "self.version",
                "guzzle/inflection": "self.version",
                "guzzle/iterator": "self.version",
                "guzzle/log": "self.version",
                "guzzle/parser": "self.version",
                "guzzle/plugin": "self.version",
                "guzzle/plugin-async": "self.version",
                "guzzle/plugin-backoff": "self.version",
                "guzzle/plugin-cache": "self.version",
                "guzzle/plugin-cookie": "self.version",
                "guzzle/plugin-curlauth": "self.version",
                "guzzle/plugin-history": "self.version",
                "guzzle/plugin-log": "self.version",
                "guzzle/plugin-md5": "self.version",
                "guzzle/plugin-mock": "self.version",
                "guzzle/plugin-oauth": "self.version",
                "guzzle/service": "self.version",
                "guzzle/stream": "self.version"
            },
            "require-dev": {
                "doctrine/common": "*",
                "monolog/monolog": "1.*",
                "phpunit/phpunit": "3.7.*",
                "symfony/class-loader": "*",
                "zend/zend-cache1": "1.12",
                "zend/zend-log1": "1.12",
                "zendframework/zend-cache": "2.0.*",
                "zendframework/zend-log": "2.0.*"
            },
            "type": "library",
            "extra": {
                "branch-alias": {
                    "dev-master": "3.0-dev"
                }
            },
            "autoload": {
                "psr-0": {
                    "Guzzle\\Tests": "tests/",
                    "Guzzle": "src/"
                }
            },
            "notification-url": "https://packagist.org/downloads/",
            "license": [
                "MIT"
            ],
            "authors": [
                {
                    "name": "Michael Dowling",
                    "email": "mtdowling@gmail.com",
                    "homepage": "https://github.com/mtdowling"
                },
                {
                    "name": "Guzzle Community",
                    "homepage": "https://github.com/guzzle/guzzle/contributors"
                }
            ],
            "description": "Guzzle is a PHP HTTP client library and framework for building RESTful web service clients",
            "homepage": "http://guzzlephp.org/",
            "keywords": [
                "client",
                "curl",
                "framework",
                "http",
                "http client",
                "rest",
                "web service"
            ],
            "time": "2012-12-19 23:06:35"
        },
        {
            "name": "josegonzalez/cakephp-upload",
            "version": "1.1.1",
            "source": {
                "type": "git",
                "url": "https://github.com/josegonzalez/cakephp-upload.git",
                "reference": "3214271107a3c7728504f7ac42bed115a4f0a4f7"
            },
            "dist": {
                "type": "zip",
                "url": "https://api.github.com/repos/josegonzalez/cakephp-upload/zipball/3214271107a3c7728504f7ac42bed115a4f0a4f7",
                "reference": "3214271107a3c7728504f7ac42bed115a4f0a4f7",
                "shasum": ""
            },
            "require": {
                "composer/installers": "*"
            },
            "type": "cakephp-plugin",
            "extra": {
                "installer-name": "Upload"
            },
            "notification-url": "https://packagist.org/downloads/",
            "license": [
                "MIT"
            ],
            "authors": [
                {
                    "name": "Joshua Paling",
                    "homepage": "https://github.com/joshuapaling",
                    "role": "Contributor"
                },
                {
                    "name": "sdoney",
                    "homepage": "https://github.com/sdoney",
                    "role": "Contributor"
                },
                {
                    "name": "Giuliano B",
                    "homepage": "https://github.com/giulianob",
                    "role": "Contributor"
                },
                {
                    "name": "Justin Slamka",
                    "homepage": "https://github.com/slamkajs",
                    "role": "Contributor"
                },
                {
                    "name": "Nathan Tyler",
                    "homepage": "https://github.com/tylerdigital",
                    "role": "Contributor"
                },
                {
                    "name": "Mirko Chialastri",
                    "homepage": "https://github.com/hiryu85",
                    "role": "Contributor"
                },
                {
                    "name": "Benjamin Allison",
                    "homepage": "https://github.com/benjaminallison",
                    "role": "Contributor"
                },
                {
                    "name": "Ariel Patschiki",
                    "homepage": "https://github.com/arielpts",
                    "role": "Contributor"
                },
                {
                    "name": "lucfranken",
                    "homepage": "https://github.com/lucfranken",
                    "role": "Contributor"
                },
                {
                    "name": "cpierce",
                    "homepage": "https://github.com/cpierce",
                    "role": "Contributor"
                },
                {
                    "name": "Barry Chapman",
                    "homepage": "https://github.com/barrychapman",
                    "role": "Contributor"
                },
                {
                    "name": "Thomas Edvalson",
                    "homepage": "https://github.com/Cruel",
                    "role": "Contributor"
                },
                {
                    "name": "Alejandro Ibarra",
                    "homepage": "https://github.com/ajibarra",
                    "role": "Contributor"
                },
                {
                    "name": "simkimsia",
                    "homepage": "https://github.com/simkimsia",
                    "role": "Contributor"
                },
                {
                    "name": "Callum Macdonald",
                    "homepage": "https://github.com/chmac",
                    "role": "Contributor"
                },
                {
                    "name": "David Kullmann",
                    "homepage": "https://github.com/dkullmann",
                    "role": "Contributor"
                },
                {
                    "name": "Juan Basso",
                    "homepage": "https://github.com/jrbasso",
                    "role": "Contributor"
                },
                {
                    "name": "Cauan Cabral",
                    "homepage": "https://github.com/CauanCabral",
                    "role": "Contributor"
                },
                {
                    "name": "Bryan Crowe",
                    "homepage": "https://github.com/bcrowe",
                    "role": "Contributor"
                },
                {
                    "name": "Simon Brown",
                    "homepage": "https://github.com/Simes",
                    "role": "Contributor"
                },
                {
                    "name": "wilsolutions",
                    "homepage": "https://github.com/wilsolutions",
                    "role": "Contributor"
                },
                {
                    "name": "Graham Watson",
                    "homepage": "https://github.com/PhantomWatson",
                    "role": "Contributor"
                },
                {
                    "name": "ceallred",
                    "homepage": "https://github.com/ceallred",
                    "role": "Contributor"
                },
                {
                    "name": "Jose Diaz-Gonzalez",
                    "email": "email@josediazgonzalez.com",
                    "homepage": "http://josediazgonzalez.com",
                    "role": "Maintainer"
                },
                {
                    "name": "Marc Würth",
                    "homepage": "https://github.com/ravage84",
                    "role": "Contributor"
                }
            ],
            "description": "CakePHP plugin to handle file uploading sans ridiculous automagic",
            "homepage": "http://github.com/josegonzalez/cakephp-upload",
            "keywords": [
                "Behavior",
                "cakephp",
                "files",
                "upload"
            ],
            "time": "2014-07-29 18:34:34"
        },
        {
            "name": "mjohnson/transit",
            "version": "1.6.1",
            "source": {
                "type": "git",
                "url": "https://github.com/milesj/transit.git",
                "reference": "100f0de5954703b5b6b2f485b0d319328dba96c4"
            },
            "dist": {
                "type": "zip",
                "url": "https://api.github.com/repos/milesj/transit/zipball/100f0de5954703b5b6b2f485b0d319328dba96c4",
                "reference": "100f0de5954703b5b6b2f485b0d319328dba96c4",
                "shasum": ""
            },
            "require": {
                "ext-curl": "*",
                "ext-fileinfo": "*",
                "ext-mbstring": "*",
                "php": ">=5.3.3"
            },
            "require-dev": {
                "aws/aws-sdk-php": "~2.7.0",
                "ext-exif": "*",
                "rackspace/php-opencloud": "*"
            },
            "suggest": {
                "aws/aws-sdk-php": "Upload files to Amazon S3 and Glacier",
                "ext-exif": "Extract exif data from images",
                "ext-gd": "Enable the GD library for image transforming",
                "rackspace/php-opencloud": "Upload files to RackSpace OpenCloud"
            },
            "type": "library",
            "autoload": {
                "psr-0": {
                    "Transit": "src/"
                }
            },
            "notification-url": "https://packagist.org/downloads/",
            "license": [
                "MIT"
            ],
            "authors": [
                {
                    "name": "Miles Johnson",
                    "homepage": "http://milesj.me"
                }
            ],
            "description": "A file uploader with support for validation, image transformation and remote transportation.",
            "homepage": "http://milesj.me/code/php/transit",
            "keywords": [
                "application",
                "archive",
                "audio",
                "cloud",
                "cloudfiles",
                "exif",
                "file",
                "glacier",
                "image",
                "importer",
                "opencloud",
                "rackspace",
                "s3",
                "text",
                "transformer",
                "transit",
                "transporter",
                "uploader",
                "validator",
                "video"
            ],
            "time": "2014-11-23 03:44:13"
        },
        {
            "name": "mjohnson/uploader",
            "version": "4.6.0",
            "source": {
                "type": "git",
                "url": "https://github.com/milesj/uploader.git",
                "reference": "8eb36f6eee0f4b8e350baecea00a414049df9238"
            },
            "dist": {
                "type": "zip",
                "url": "https://api.github.com/repos/milesj/uploader/zipball/8eb36f6eee0f4b8e350baecea00a414049df9238",
                "reference": "8eb36f6eee0f4b8e350baecea00a414049df9238",
                "shasum": ""
            },
            "require": {
                "composer/installers": "*",
                "ext-curl": "*",
                "ext-fileinfo": "*",
                "ext-mbstring": "*",
                "mjohnson/transit": "~1.6",
                "php": ">=5.3.3"
            },
            "suggest": {
                "aws/aws-sdk-php": "~2.7",
                "ext-exif": "Extract exif data from images",
                "ext-gd": "Enable the GD library for image transforming"
            },
            "type": "cakephp-plugin",
            "notification-url": "https://packagist.org/downloads/",
            "license": [
                "MIT"
            ],
            "authors": [
                {
                    "name": "Miles Johnson",
                    "homepage": "http://milesj.me"
                }
            ],
            "description": "File uploader and validation plugin for CakePHP.",
            "homepage": "http://milesj.me/code/cakephp/uploader",
            "keywords": [
                "attachment",
                "cakephp",
                "file",
                "plugin",
                "uploader",
                "validation"
            ],
            "abandoned": true,
            "time": "2014-11-10 02:27:48"
        },
        {
            "name": "slywalker/boost_cake",
            "version": "1.0.6",
            "source": {
                "type": "git",
                "url": "https://github.com/slywalker/cakephp-plugin-boost_cake.git",
                "reference": "bb1fa0d96b2c2c8fad7b0ccfab2ca2f231f66c3e"
            },
            "dist": {
                "type": "zip",
                "url": "https://api.github.com/repos/slywalker/cakephp-plugin-boost_cake/zipball/bb1fa0d96b2c2c8fad7b0ccfab2ca2f231f66c3e",
                "reference": "bb1fa0d96b2c2c8fad7b0ccfab2ca2f231f66c3e",
                "shasum": ""
            },
            "require": {
                "composer/installers": "*",
                "php": ">=5.3.0"
            },
            "suggest": {
                "twbs/bootstrap": "Bootstrap framework"
            },
            "type": "cakephp-plugin",
            "notification-url": "https://packagist.org/downloads/",
            "license": [
                "MIT"
            ],
            "authors": [
                {
                    "name": "Yasuo Harada",
                    "email": "slywalker.net@gmail.com"
                }
            ],
            "description": "BoostCake is a plugin for CakePHP using Bootstrap",
            "homepage": "http://slywalker.github.io/cakephp-plugin-boost_cake/",
            "keywords": [
                "bootstrap",
                "cakephp",
                "twitter"
            ],
            "time": "2014-11-07 10:36:43"
        },
        {
            "name": "symfony/event-dispatcher",
            "version": "v2.6.1",
            "target-dir": "Symfony/Component/EventDispatcher",
            "source": {
                "type": "git",
                "url": "https://github.com/symfony/EventDispatcher.git",
                "reference": "720fe9bca893df7ad1b4546649473b5afddf0216"
            },
            "dist": {
                "type": "zip",
                "url": "https://api.github.com/repos/symfony/EventDispatcher/zipball/720fe9bca893df7ad1b4546649473b5afddf0216",
                "reference": "720fe9bca893df7ad1b4546649473b5afddf0216",
                "shasum": ""
            },
            "require": {
                "php": ">=5.3.3"
            },
            "require-dev": {
                "psr/log": "~1.0",
                "symfony/config": "~2.0",
                "symfony/dependency-injection": "~2.6",
                "symfony/expression-language": "~2.6",
                "symfony/stopwatch": "~2.2"
            },
            "suggest": {
                "symfony/dependency-injection": "",
                "symfony/http-kernel": ""
            },
            "type": "library",
            "extra": {
                "branch-alias": {
                    "dev-master": "2.6-dev"
                }
            },
            "autoload": {
                "psr-0": {
                    "Symfony\\Component\\EventDispatcher\\": ""
                }
            },
            "notification-url": "https://packagist.org/downloads/",
            "license": [
                "MIT"
            ],
            "authors": [
                {
                    "name": "Symfony Community",
                    "homepage": "http://symfony.com/contributors"
                },
                {
                    "name": "Fabien Potencier",
                    "email": "fabien@symfony.com"
                }
            ],
            "description": "Symfony EventDispatcher Component",
            "homepage": "http://symfony.com",
            "time": "2014-12-02 20:19:20"
        }
    ],
    "packages-dev": [],
    "aliases": [],
    "minimum-stability": "stable",
    "stability-flags": [],
    "prefer-stable": false,
    "prefer-lowest": false,
    "platform": [],
    "platform-dev": []
}
